
Microsoft Visual Studio Solution File, Format Version 12.00
# Visual Studio Version 16
VisualStudioVersion = 16.0.29609.76
MinimumVisualStudioVersion = 10.0.40219.1
Project("{FAE04EC0-301F-11D3-BF4B-00C04F79EFBC}") = "aspnetcore31_netcore_angular_https", "aspnetcore31_netcore_angular_https\aspnetcore31_netcore_angular_https.csproj", "{6AE870A3-6002-4354-8375-ED5E8E438F88}"
EndProject
Global
	GlobalSection(SolutionConfigurationPlatforms) = preSolution
		Debug|Any CPU = Debug|Any CPU
		Release|Any CPU = Release|Any CPU
	EndGlobalSection
	GlobalSection(ProjectConfigurationPlatforms) = postSolution
		{6AE870A3-6002-4354-8375-ED5E8E438F88}.Debug|Any CPU.ActiveCfg = Debug|Any CPU
		{6AE870A3-6002-4354-8375-ED5E8E438F88}.Debug|Any CPU.Build.0 = Debug|Any CPU
		{6AE870A3-6002-4354-8375-ED5E8E438F88}.Release|Any CPU.ActiveCfg = Release|Any CPU
		{6AE870A3-6002-4354-8375-ED5E8E438F88}.Release|Any CPU.Build.0 = Release|Any CPU
	EndGlobalSection
	GlobalSection(SolutionProperties) = preSolution
		HideSolutionNode = FALSE
	EndGlobalSection
	GlobalSection(ExtensibilityGlobals) = postSolution
		SolutionGuid = {2488D82A-B169-47AE-8DE0-C9AA3412A1E0}
	EndGlobalSection
EndGlobal
